
Microsoft Visual Studio Solution File, Format Version 12.00
# Visual Studio Version 16
VisualStudioVersion = 16.0.28705.295
MinimumVisualStudioVersion = 10.0.40219.1
Project("{FAE04EC0-301F-11D3-BF4B-00C04F79EFBC}") = "Almacen", "Almacen\Almacen.csproj", "{6104D2A3-591D-40E5-BA87-87EA68F51372}"
EndProject
Project("{FAE04EC0-301F-11D3-BF4B-00C04F79EFBC}") = "Almacen.DataAccess", "Almacen.DataAccess\Almacen.DataAccess.csproj", "{B21791B2-2116-491B-98B2-33C94EA82C49}"
EndProject
Global
	GlobalSection(SolutionConfigurationPlatforms) = preSolution
		Debug|Any CPU = Debug|Any CPU
		Release|Any CPU = Release|Any CPU
	EndGlobalSection
	GlobalSection(ProjectConfigurationPlatforms) = postSolution
		{6104D2A3-591D-40E5-BA87-87EA68F51372}.Debug|Any CPU.ActiveCfg = Debug|Any CPU
		{6104D2A3-591D-40E5-BA87-87EA68F51372}.Debug|Any CPU.Build.0 = Debug|Any CPU
		{6104D2A3-591D-40E5-BA87-87EA68F51372}.Release|Any CPU.ActiveCfg = Release|Any CPU
		{6104D2A3-591D-40E5-BA87-87EA68F51372}.Release|Any CPU.Build.0 = Release|Any CPU
		{B21791B2-2116-491B-98B2-33C94EA82C49}.Debug|Any CPU.ActiveCfg = Debug|Any CPU
		{B21791B2-2116-491B-98B2-33C94EA82C49}.Debug|Any CPU.Build.0 = Debug|Any CPU
		{B21791B2-2116-491B-98B2-33C94EA82C49}.Release|Any CPU.ActiveCfg = Release|Any CPU
		{B21791B2-2116-491B-98B2-33C94EA82C49}.Release|Any CPU.Build.0 = Release|Any CPU
	EndGlobalSection
	GlobalSection(SolutionProperties) = preSolution
		HideSolutionNode = FALSE
	EndGlobalSection
	GlobalSection(ExtensibilityGlobals) = postSolution
		SolutionGuid = {AFE4B92C-1DF0-4F3D-8645-8A6D8B72593B}
	EndGlobalSection
EndGlobal
